Microsoft Visual Studio Solution File, Format Version 12.00
# Visual Studio Version 17
VisualStudioVersion = 17.5.2.0
MinimumVisualStudioVersion = 10.0.40219.1
Project("{FAE04EC0-301F-11D3-BF4B-00C04F79EFBC}") = "TodoListMeTests", "TodoListMeTests\TodoListMeTests.csproj", "{F6C2E60B-553C-AB3C-331D-7FE560CCEEC3}"
EndProject
Global
	GlobalSection(SolutionConfigurationPlatforms) = preSolution
		Debug|Any CPU = Debug|Any CPU
		Release|Any CPU = Release|Any CPU
	EndGlobalSection
	GlobalSection(ProjectConfigurationPlatforms) = postSolution
		{F6C2E60B-553C-AB3C-331D-7FE560CCEEC3}.Debug|Any CPU.ActiveCfg = Debug|Any CPU
		{F6C2E60B-553C-AB3C-331D-7FE560CCEEC3}.Debug|Any CPU.Build.0 = Debug|Any CPU
		{F6C2E60B-553C-AB3C-331D-7FE560CCEEC3}.Release|Any CPU.ActiveCfg = Release|Any CPU
		{F6C2E60B-553C-AB3C-331D-7FE560CCEEC3}.Release|Any CPU.Build.0 = Release|Any CPU
	EndGlobalSection
	GlobalSection(SolutionProperties) = preSolution
		HideSolutionNode = FALSE
	EndGlobalSection
	GlobalSection(ExtensibilityGlobals) = postSolution
		SolutionGuid = {CDA2A2F9-07DB-43CE-895E-937EBABB7512}
	EndGlobalSection
EndGlobal
